
Microsoft Visual Studio Solution File, Format Version 12.00
# TcXaeShell Solution File, Format Version 11.00
VisualStudioVersion = 17.10.35827.194
MinimumVisualStudioVersion = 10.0.40219.1
Project("{B1E792BE-AA5F-4E3C-8C82-674BF9C0715B}") = "XPlanar2TileSalesDemo", "XPlanar2TileSalesDemo.tsproj", "{507F8E57-AFFC-41FF-A2A0-822406460BCE}"
EndProject
Global
	GlobalSection(SolutionConfigurationPlatforms) = preSolution
		Debug|TwinCAT OS (ARMV7-A) = Debug|TwinCAT OS (ARMV7-A)
		Debug|TwinCAT OS (ARMV7-M) = Debug|TwinCAT OS (ARMV7-M)
		Debug|TwinCAT OS (ARMV8-A) = Debug|TwinCAT OS (ARMV8-A)
		Debug|TwinCAT OS (x64) = Debug|TwinCAT OS (x64)
		Debug|TwinCAT OS (x64-E) = Debug|TwinCAT OS (x64-E)
		Debug|TwinCAT RT (x64) = Debug|TwinCAT RT (x64)
		Debug|TwinCAT RT (x86) = Debug|TwinCAT RT (x86)
		Release|TwinCAT OS (ARMV7-A) = Release|TwinCAT OS (ARMV7-A)
		Release|TwinCAT OS (ARMV7-M) = Release|TwinCAT OS (ARMV7-M)
		Release|TwinCAT OS (ARMV8-A) = Release|TwinCAT OS (ARMV8-A)
		Release|TwinCAT OS (x64) = Release|TwinCAT OS (x64)
		Release|TwinCAT OS (x64-E) = Release|TwinCAT OS (x64-E)
		Release|TwinCAT RT (x64) = Release|TwinCAT RT (x64)
		Release|TwinCAT RT (x86) = Release|TwinCAT RT (x86)
	EndGlobalSection
	GlobalSection(ProjectConfigurationPlatforms) = postSolution
		{507F8E57-AFFC-41FF-A2A0-822406460BCE}.Debug|TwinCAT OS (ARMV7-A).ActiveCfg = Debug|TwinCAT OS (ARMV7-A)
		{507F8E57-AFFC-41FF-A2A0-822406460BCE}.Debug|TwinCAT OS (ARMV7-A).Build.0 = Debug|TwinCAT OS (ARMV7-A)
		{507F8E57-AFFC-41FF-A2A0-822406460BCE}.Debug|TwinCAT OS (ARMV7-M).ActiveCfg = Debug|TwinCAT OS (ARMV7-M)
		{507F8E57-AFFC-41FF-A2A0-822406460BCE}.Debug|TwinCAT OS (ARMV7-M).Build.0 = Debug|TwinCAT OS (ARMV7-M)
		{507F8E57-AFFC-41FF-A2A0-822406460BCE}.Debug|TwinCAT OS (ARMV8-A).ActiveCfg = Debug|TwinCAT OS (ARMV8-A)
		{507F8E57-AFFC-41FF-A2A0-822406460BCE}.Debug|TwinCAT OS (ARMV8-A).Build.0 = Debug|TwinCAT OS (ARMV8-A)
		{507F8E57-AFFC-41FF-A2A0-822406460BCE}.Debug|TwinCAT OS (x64).ActiveCfg = Debug|TwinCAT OS (x64)
		{507F8E57-AFFC-41FF-A2A0-822406460BCE}.Debug|TwinCAT OS (x64).Build.0 = Debug|TwinCAT OS (x64)
		{507F8E57-AFFC-41FF-A2A0-822406460BCE}.Debug|TwinCAT OS (x64-E).ActiveCfg = Debug|TwinCAT OS (x64-E)
		{507F8E57-AFFC-41FF-A2A0-822406460BCE}.Debug|TwinCAT OS (x64-E).Build.0 = Debug|TwinCAT OS (x64-E)
		{507F8E57-AFFC-41FF-A2A0-822406460BCE}.Debug|TwinCAT RT (x64).ActiveCfg = Debug|TwinCAT RT (x64)
		{507F8E57-AFFC-41FF-A2A0-822406460BCE}.Debug|TwinCAT RT (x64).Build.0 = Debug|TwinCAT RT (x64)
		{507F8E57-AFFC-41FF-A2A0-822406460BCE}.Debug|TwinCAT RT (x86).ActiveCfg = Debug|TwinCAT RT (x86)
		{507F8E57-AFFC-41FF-A2A0-822406460BCE}.Debug|TwinCAT RT (x86).Build.0 = Debug|TwinCAT RT (x86)
		{507F8E57-AFFC-41FF-A2A0-822406460BCE}.Release|TwinCAT OS (ARMV7-A).ActiveCfg = Release|TwinCAT OS (ARMV7-A)
		{507F8E57-AFFC-41FF-A2A0-822406460BCE}.Release|TwinCAT OS (ARMV7-A).Build.0 = Release|TwinCAT OS (ARMV7-A)
		{507F8E57-AFFC-41FF-A2A0-822406460BCE}.Release|TwinCAT OS (ARMV7-M).ActiveCfg = Release|TwinCAT OS (ARMV7-M)
		{507F8E57-AFFC-41FF-A2A0-822406460BCE}.Release|TwinCAT OS (ARMV7-M).Build.0 = Release|TwinCAT OS (ARMV7-M)
		{507F8E57-AFFC-41FF-A2A0-822406460BCE}.Release|TwinCAT OS (ARMV8-A).ActiveCfg = Release|TwinCAT OS (ARMV8-A)
		{507F8E57-AFFC-41FF-A2A0-822406460BCE}.Release|TwinCAT OS (ARMV8-A).Build.0 = Release|TwinCAT OS (ARMV8-A)
		{507F8E57-AFFC-41FF-A2A0-822406460BCE}.Release|TwinCAT OS (x64).ActiveCfg = Release|TwinCAT OS (x64)
		{507F8E57-AFFC-41FF-A2A0-822406460BCE}.Release|TwinCAT OS (x64).Build.0 = Release|TwinCAT OS (x64)
		{507F8E57-AFFC-41FF-A2A0-822406460BCE}.Release|TwinCAT OS (x64-E).ActiveCfg = Release|TwinCAT OS (x64-E)
		{507F8E57-AFFC-41FF-A2A0-822406460BCE}.Release|TwinCAT OS (x64-E).Build.0 = Release|TwinCAT OS (x64-E)
		{507F8E57-AFFC-41FF-A2A0-822406460BCE}.Release|TwinCAT RT (x64).ActiveCfg = Release|TwinCAT RT (x64)
		{507F8E57-AFFC-41FF-A2A0-822406460BCE}.Release|TwinCAT RT (x64).Build.0 = Release|TwinCAT RT (x64)
		{507F8E57-AFFC-41FF-A2A0-822406460BCE}.Release|TwinCAT RT (x86).ActiveCfg = Release|TwinCAT RT (x86)
		{507F8E57-AFFC-41FF-A2A0-822406460BCE}.Release|TwinCAT RT (x86).Build.0 = Release|TwinCAT RT (x86)
		{233169FE-F7A5-4EC4-9427-C86C70D23AE6}.Debug|TwinCAT OS (ARMV7-A).ActiveCfg = Debug|TwinCAT OS (ARMV7-A)
		{233169FE-F7A5-4EC4-9427-C86C70D23AE6}.Debug|TwinCAT OS (ARMV7-A).Build.0 = Debug|TwinCAT OS (ARMV7-A)
		{233169FE-F7A5-4EC4-9427-C86C70D23AE6}.Debug|TwinCAT OS (ARMV7-M).ActiveCfg = Debug|TwinCAT OS (ARMV7-M)
		{233169FE-F7A5-4EC4-9427-C86C70D23AE6}.Debug|TwinCAT OS (ARMV7-M).Build.0 = Debug|TwinCAT OS (ARMV7-M)
		{233169FE-F7A5-4EC4-9427-C86C70D23AE6}.Debug|TwinCAT OS (ARMV8-A).ActiveCfg = Debug|TwinCAT OS (ARMV8-A)
		{233169FE-F7A5-4EC4-9427-C86C70D23AE6}.Debug|TwinCAT OS (ARMV8-A).Build.0 = Debug|TwinCAT OS (ARMV8-A)
		{233169FE-F7A5-4EC4-9427-C86C70D23AE6}.Debug|TwinCAT OS (x64).ActiveCfg = Debug|TwinCAT OS (x64)
		{233169FE-F7A5-4EC4-9427-C86C70D23AE6}.Debug|TwinCAT OS (x64).Build.0 = Debug|TwinCAT OS (x64)
		{233169FE-F7A5-4EC4-9427-C86C70D23AE6}.Debug|TwinCAT OS (x64-E).ActiveCfg = Debug|TwinCAT OS (x64-E)
		{233169FE-F7A5-4EC4-9427-C86C70D23AE6}.Debug|TwinCAT OS (x64-E).Build.0 = Debug|TwinCAT OS (x64-E)
		{233169FE-F7A5-4EC4-9427-C86C70D23AE6}.Debug|TwinCAT RT (x64).ActiveCfg = Debug|TwinCAT RT (x64)
		{233169FE-F7A5-4EC4-9427-C86C70D23AE6}.Debug|TwinCAT RT (x64).Build.0 = Debug|TwinCAT RT (x64)
		{233169FE-F7A5-4EC4-9427-C86C70D23AE6}.Debug|TwinCAT RT (x86).ActiveCfg = Debug|TwinCAT RT (x86)
		{233169FE-F7A5-4EC4-9427-C86C70D23AE6}.Debug|TwinCAT RT (x86).Build.0 = Debug|TwinCAT RT (x86)
		{233169FE-F7A5-4EC4-9427-C86C70D23AE6}.Release|TwinCAT OS (ARMV7-A).ActiveCfg = Release|TwinCAT OS (ARMV7-A)
		{233169FE-F7A5-4EC4-9427-C86C70D23AE6}.Release|TwinCAT OS (ARMV7-A).Build.0 = Release|TwinCAT OS (ARMV7-A)
		{233169FE-F7A5-4EC4-9427-C86C70D23AE6}.Release|TwinCAT OS (ARMV7-M).ActiveCfg = Release|TwinCAT OS (ARMV7-M)
		{233169FE-F7A5-4EC4-9427-C86C70D23AE6}.Release|TwinCAT OS (ARMV7-M).Build.0 = Release|TwinCAT OS (ARMV7-M)
		{233169FE-F7A5-4EC4-9427-C86C70D23AE6}.Release|TwinCAT OS (ARMV8-A).ActiveCfg = Release|TwinCAT OS (ARMV8-A)
		{233169FE-F7A5-4EC4-9427-C86C70D23AE6}.Release|TwinCAT OS (ARMV8-A).Build.0 = Release|TwinCAT OS (ARMV8-A)
		{233169FE-F7A5-4EC4-9427-C86C70D23AE6}.Release|TwinCAT OS (x64).ActiveCfg = Release|TwinCAT OS (x64)
		{233169FE-F7A5-4EC4-9427-C86C70D23AE6}.Release|TwinCAT OS (x64).Build.0 = Release|TwinCAT OS (x64)
		{233169FE-F7A5-4EC4-9427-C86C70D23AE6}.Release|TwinCAT OS (x64-E).ActiveCfg = Release|TwinCAT OS (x64-E)
		{233169FE-F7A5-4EC4-9427-C86C70D23AE6}.Release|TwinCAT OS (x64-E).Build.0 = Release|TwinCAT OS (x64-E)
		{233169FE-F7A5-4EC4-9427-C86C70D23AE6}.Release|TwinCAT RT (x64).ActiveCfg = Release|TwinCAT RT (x64)
		{233169FE-F7A5-4EC4-9427-C86C70D23AE6}.Release|TwinCAT RT (x64).Build.0 = Release|TwinCAT RT (x64)
		{233169FE-F7A5-4EC4-9427-C86C70D23AE6}.Release|TwinCAT RT (x86).ActiveCfg = Release|TwinCAT RT (x86)
		{233169FE-F7A5-4EC4-9427-C86C70D23AE6}.Release|TwinCAT RT (x86).Build.0 = Release|TwinCAT RT (x86)
	EndGlobalSection
	GlobalSection(SolutionProperties) = preSolution
		HideSolutionNode = FALSE
	EndGlobalSection
	GlobalSection(ExtensibilityGlobals) = postSolution
		SolutionGuid = {F5FAF120-B20A-4FC7-BA22-5EA4E0426A8E}
	EndGlobalSection
EndGlobal
